
Microsoft Visual Studio Solution File, Format Version 12.00
# Visual Studio Version 16
VisualStudioVersion = 16.0.30413.136
MinimumVisualStudioVersion = 10.0.40219.1
Project("{9A19103F-16F7-4668-BE54-9A1E7A4F7556}") = "ChangeFeedProcessor", "ChangeFeedProcessor\ChangeFeedProcessor.csproj", "{3DDB8958-176E-419D-97BF-A116E5C89BAF}"
EndProject
Project("{FAE04EC0-301F-11D3-BF4B-00C04F79EFBC}") = "DataGenerator", "DataGenerator\DataGenerator.csproj", "{08FBFDE2-5D2C-4660-B467-C74CF79D572B}"
EndProject
Global
	GlobalSection(SolutionConfigurationPlatforms) = preSolution
		Debug|Any CPU = Debug|Any CPU
		Release|Any CPU = Release|Any CPU
	EndGlobalSection
	GlobalSection(ProjectConfigurationPlatforms) = postSolution
		{3DDB8958-176E-419D-97BF-A116E5C89BAF}.Debug|Any CPU.ActiveCfg = Debug|Any CPU
		{3DDB8958-176E-419D-97BF-A116E5C89BAF}.Debug|Any CPU.Build.0 = Debug|Any CPU
		{3DDB8958-176E-419D-97BF-A116E5C89BAF}.Release|Any CPU.ActiveCfg = Release|Any CPU
		{3DDB8958-176E-419D-97BF-A116E5C89BAF}.Release|Any CPU.Build.0 = Release|Any CPU
		{08FBFDE2-5D2C-4660-B467-C74CF79D572B}.Debug|Any CPU.ActiveCfg = Debug|Any CPU
		{08FBFDE2-5D2C-4660-B467-C74CF79D572B}.Debug|Any CPU.Build.0 = Debug|Any CPU
		{08FBFDE2-5D2C-4660-B467-C74CF79D572B}.Release|Any CPU.ActiveCfg = Release|Any CPU
		{08FBFDE2-5D2C-4660-B467-C74CF79D572B}.Release|Any CPU.Build.0 = Release|Any CPU
	EndGlobalSection
	GlobalSection(SolutionProperties) = preSolution
		HideSolutionNode = FALSE
	EndGlobalSection
	GlobalSection(ExtensibilityGlobals) = postSolution
		SolutionGuid = {AA091B7C-BB58-4021-8B98-3884AEEBAFDC}
	EndGlobalSection
EndGlobal
